
Microsoft Visual Studio Solution File, Format Version 12.00
# Visual Studio Version 17
VisualStudioVersion = 17.10.35027.167
MinimumVisualStudioVersion = 10.0.40219.1
Project("{FAE04EC0-301F-11D3-BF4B-00C04F79EFBC}") = "Day6Mydemo", "Day6Mydemo.csproj", "{BDD1789D-F0CA-4FB3-9705-50A4D86F21CD}"
EndProject
Project("{FAE04EC0-301F-11D3-BF4B-00C04F79EFBC}") = "Day6Databasefirst", "..\Day6Databasefirst\Day6Databasefirst.csproj", "{6732B706-D92D-4C36-8165-55E937CEBAB7}"
EndProject
Global
	GlobalSection(SolutionConfigurationPlatforms) = preSolution
		Debug|Any CPU = Debug|Any CPU
		Release|Any CPU = Release|Any CPU
	EndGlobalSection
	GlobalSection(ProjectConfigurationPlatforms) = postSolution
		{BDD1789D-F0CA-4FB3-9705-50A4D86F21CD}.Debug|Any CPU.ActiveCfg = Debug|Any CPU
		{BDD1789D-F0CA-4FB3-9705-50A4D86F21CD}.Debug|Any CPU.Build.0 = Debug|Any CPU
		{BDD1789D-F0CA-4FB3-9705-50A4D86F21CD}.Release|Any CPU.ActiveCfg = Release|Any CPU
		{BDD1789D-F0CA-4FB3-9705-50A4D86F21CD}.Release|Any CPU.Build.0 = Release|Any CPU
		{6732B706-D92D-4C36-8165-55E937CEBAB7}.Debug|Any CPU.ActiveCfg = Debug|Any CPU
		{6732B706-D92D-4C36-8165-55E937CEBAB7}.Debug|Any CPU.Build.0 = Debug|Any CPU
		{6732B706-D92D-4C36-8165-55E937CEBAB7}.Release|Any CPU.ActiveCfg = Release|Any CPU
		{6732B706-D92D-4C36-8165-55E937CEBAB7}.Release|Any CPU.Build.0 = Release|Any CPU
	EndGlobalSection
	GlobalSection(SolutionProperties) = preSolution
		HideSolutionNode = FALSE
	EndGlobalSection
	GlobalSection(ExtensibilityGlobals) = postSolution
		SolutionGuid = {F7144EDA-F8D9-45A5-A0BF-F8F0CFA9CDA4}
	EndGlobalSection
EndGlobal
